// !$*UTF8*$!
{
	archiveVersion = 1;
	classes = {
	};
	objectVersion = 50;
	objects = {

/* Begin PBXBuildFile section */
		F81EB9CD24396067000AF515 /* Util.swift in Sources */ = {isa = PBXBuildFile; fileRef = F81EB9CC24396067000AF515 /* Util.swift */; };
		F8B5CD8723CF606600B99481 /* AppDelegate.swift in Sources */ = {isa = PBXBuildFile; fileRef = F8B5CD8623CF606600B99481 /* AppDelegate.swift */; };
		F8B5CD8E23CF606600B99481 /* Main.storyboard in Resources */ = {isa = PBXBuildFile; fileRef = F8B5CD8C23CF606600B99481 /* Main.storyboard */; };
		F8B5CD9023CF606800B99481 /* Assets.xcassets in Resources */ = {isa = PBXBuildFile; fileRef = F8B5CD8F23CF606800B99481 /* Assets.xcassets */; };
		F8B5CD9323CF606800B99481 /* LaunchScreen.storyboard in Resources */ = {isa = PBXBuildFile; fileRef = F8B5CD9123CF606800B99481 /* LaunchScreen.storyboard */; };
		F8E2DDE82437DE630022A441 /* MainTableViewController.swift in Sources */ = {isa = PBXBuildFile; fileRef = F8E2DDE72437DE630022A441 /* MainTableViewController.swift */; };
		F8E2DDEA2437E3EE0022A441 /* ExpressionViewController.swift in Sources */ = {isa = PBXBuildFile; fileRef = F8E2DDE92437E3EE0022A441 /* ExpressionViewController.swift */; };
		F8E2DDEC2439407F0022A441 /* SceneDelegate.swift in Sources */ = {isa = PBXBuildFile; fileRef = F8E2DDEB2439407F0022A441 /* SceneDelegate.swift */; };
/* End PBXBuildFile section */

/* Begin PBXFileReference section */
		F81EB9CC24396067000AF515 /* Util.swift */ = {isa = PBXFileReference; lastKnownFileType = sourcecode.swift; path = Util.swift; sourceTree = "<group>"; };
		F8B5CD8323CF606600B99481 /* Expressions.app */ = {isa = PBXFileReference; explicitFileType = wrapper.application; includeInIndex = 0; path = Expressions.app; sourceTree = BUILT_PRODUCTS_DIR; };
		F8B5CD8623CF606600B99481 /* AppDelegate.swift */ = {isa = PBXFileReference; lastKnownFileType = sourcecode.swift; path = AppDelegate.swift; sourceTree = "<group>"; };
		F8B5CD8D23CF606600B99481 /* Base */ = {isa = PBXFileReference; lastKnownFileType = file.storyboard; name = Base; path = Base.lproj/Main.storyboard; sourceTree = "<group>"; };
		F8B5CD8F23CF606800B99481 /* Assets.xcassets */ = {isa = PBXFileReference; lastKnownFileType = folder.assetcatalog; path = Assets.xcassets; sourceTree = "<group>"; };
		F8B5CD9223CF606800B99481 /* Base */ = {isa = PBXFileReference; lastKnownFileType = file.storyboard; name = Base; path = Base.lproj/LaunchScreen.storyboard; sourceTree = "<group>"; };
		F8B5CD9423CF606800B99481 /* Info.plist */ = {isa = PBXFileReference; lastKnownFileType = text.plist.xml; path = Info.plist; sourceTree = "<group>"; };
		F8E2DDE72437DE630022A441 /* MainTableViewController.swift */ = {isa = PBXFileReference; lastKnownFileType = sourcecode.swift; path = MainTableViewController.swift; sourceTree = "<group>"; };
		F8E2DDE92437E3EE0022A441 /* ExpressionViewController.swift */ = {isa = PBXFileReference; lastKnownFileType = sourcecode.swift; path = ExpressionViewController.swift; sourceTree = "<group>"; };
		F8E2DDEB2439407F0022A441 /* SceneDelegate.swift */ = {isa = PBXFileReference; fileEncoding = 4; lastKnownFileType = sourcecode.swift; path = SceneDelegate.swift; sourceTree = "<group>"; };
/* End PBXFileReference section */

/* Begin PBXFrameworksBuildPhase section */
		F8B5CD8023CF606600B99481 /* Frameworks */ = {
			isa = PBXFrameworksBuildPhase;
			buildActionMask = 2147483647;
			files = (
			);
			runOnlyForDeploymentPostprocessing = 0;
		};
/* End PBXFrameworksBuildPhase section */

/* Begin PBXGroup section */
		F81EB9CB2439604E000AF515 /* Util */ = {
			isa = PBXGroup;
			children = (
				F81EB9CC24396067000AF515 /* Util.swift */,
			);
			path = Util;
			sourceTree = "<group>";
		};
		F8B5CD7A23CF606500B99481 = {
			isa = PBXGroup;
			children = (
				F8B5CD8523CF606600B99481 /* Expressions */,
				F8B5CD8423CF606600B99481 /* Products */,
			);
			sourceTree = "<group>";
		};
		F8B5CD8423CF606600B99481 /* Products */ = {
			isa = PBXGroup;
			children = (
				F8B5CD8323CF606600B99481 /* Expressions.app */,
			);
			name = Products;
			sourceTree = "<group>";
		};
		F8B5CD8523CF606600B99481 /* Expressions */ = {
			isa = PBXGroup;
			children = (
				F8E2DDEF243940C80022A441 /* View */,
				F8E2DDEE243940B60022A441 /* ViewController */,
				F81EB9CB2439604E000AF515 /* Util */,
				F8E2DDED2439409D0022A441 /* Misc */,
			);
			path = Expressions;
			sourceTree = "<group>";
		};
		F8E2DDED2439409D0022A441 /* Misc */ = {
			isa = PBXGroup;
			children = (
				F8B5CD8623CF606600B99481 /* AppDelegate.swift */,
				F8B5CD8F23CF606800B99481 /* Assets.xcassets */,
				F8B5CD9123CF606800B99481 /* LaunchScreen.storyboard */,
				F8B5CD9423CF606800B99481 /* Info.plist */,
				F8E2DDEB2439407F0022A441 /* SceneDelegate.swift */,
			);
			path = Misc;
			sourceTree = "<group>";
		};
		F8E2DDEE243940B60022A441 /* ViewController */ = {
			isa = PBXGroup;
			children = (
				F8E2DDE72437DE630022A441 /* MainTableViewController.swift */,
				F8E2DDE92437E3EE0022A441 /* ExpressionViewController.swift */,
			);
			path = ViewController;
			sourceTree = "<group>";
		};
		F8E2DDEF243940C80022A441 /* View */ = {
			isa = PBXGroup;
			children = (
				F8B5CD8C23CF606600B99481 /* Main.storyboard */,
			);
			path = View;
			sourceTree = "<group>";
		};
/* End PBXGroup section */

/* Begin PBXNativeTarget section */
		F8B5CD8223CF606600B99481 /* Expressions */ = {
			isa = PBXNativeTarget;
			buildConfigurationList = F8B5CD9723CF606800B99481 /* Build configuration list for PBXNativeTarget "Expressions" */;
			buildPhases = (
				F8B5CD7F23CF606600B99481 /* Sources */,
				F8B5CD8023CF606600B99481 /* Frameworks */,
				F8B5CD8123CF606600B99481 /* Resources */,
			);
			buildRules = (
			);
			dependencies = (
			);
			name = Expressions;
			productName = Expressions;
			productReference = F8B5CD8323CF606600B99481 /* Expressions.app */;
			productType = "com.apple.product-type.application";
		};
/* End PBXNativeTarget section */

/* Begin PBXProject section */
		F8B5CD7B23CF606500B99481 /* Project object */ = {
			isa = PBXProject;
			attributes = {
				LastSwiftUpdateCheck = 1130;
				LastUpgradeCheck = 1130;
				ORGANIZATIONNAME = qaz;
				TargetAttributes = {
					F8B5CD8223CF606600B99481 = {
						CreatedOnToolsVersion = 11.3;
					};
				};
			};
			buildConfigurationList = F8B5CD7E23CF606500B99481 /* Build configuration list for PBXProject "Expressions" */;
			compatibilityVersion = "Xcode 9.3";
			developmentRegion = en;
			hasScannedForEncodings = 0;
			knownRegions = (
				en,
				Base,
			);
			mainGroup = F8B5CD7A23CF606500B99481;
			productRefGroup = F8B5CD8423CF606600B99481 /* Products */;
			projectDirPath = "";
			projectRoot = "";
			targets = (
				F8B5CD8223CF606600B99481 /* Expressions */,
			);
		};
/* End PBXProject section */

/* Begin PBXResourcesBuildPhase section */
		F8B5CD8123CF606600B99481 /* Resources */ = {
			isa = PBXResourcesBuildPhase;
			buildActionMask = 2147483647;
			files = (
				F8B5CD9323CF606800B99481 /* LaunchScreen.storyboard in Resources */,
				F8B5CD9023CF606800B99481 /* Assets.xcassets in Resources */,
				F8B5CD8E23CF606600B99481 /* Main.storyboard in Resources */,
			);
			runOnlyForDeploymentPostprocessing = 0;
		};
/* End PBXResourcesBuildPhase section */

/* Begin PBXSourcesBuildPhase section */
		F8B5CD7F23CF606600B99481 /* Sources */ = {
			isa = PBXSourcesBuildPhase;
			buildActionMask = 2147483647;
			files = (
				F8E2DDE82437DE630022A441 /* MainTableViewController.swift in Sources */,
				F8B5CD8723CF606600B99481 /* AppDelegate.swift in Sources */,
				F81EB9CD24396067000AF515 /* Util.swift in Sources */,
				F8E2DDEA2437E3EE0022A441 /* ExpressionViewController.swift in Sources */,
				F8E2DDEC2439407F0022A441 /* SceneDelegate.swift in Sources */,
			);
			runOnlyForDeploymentPostprocessing = 0;
		};
/* End PBXSourcesBuildPhase section */

/* Begin PBXVariantGroup section */
		F8B5CD8C23CF606600B99481 /* Main.storyboard */ = {
			isa = PBXVariantGroup;
			children = (
				F8B5CD8D23CF606600B99481 /* Base */,
			);
			name = Main.storyboard;
			sourceTree = "<group>";
		};
		F8B5CD9123CF606800B99481 /* LaunchScreen.storyboard */ = {
			isa = PBXVariantGroup;
			children = (
				F8B5CD9223CF606800B99481 /* Base */,
			);
			name = LaunchScreen.storyboard;
			sourceTree = "<group>";
		};
/* End PBXVariantGroup section */

/* Begin XCBuildConfiguration section */
		F8B5CD9523CF606800B99481 /* Debug */ = {
			isa = XCBuildConfiguration;
			buildSettings = {
				ALWAYS_SEARCH_USER_PATHS = NO;
				CLANG_ANALYZER_NONNULL = YES;
				CLANG_ANALYZER_NUMBER_OBJECT_CONVERSION = YES_AGGRESSIVE;
				CLANG_CXX_LANGUAGE_STANDARD = "gnu++14";
				CLANG_CXX_LIBRARY = "libc++";
				CLANG_ENABLE_MODULES = YES;
				CLANG_ENABLE_OBJC_ARC = YES;
				CLANG_ENABLE_OBJC_WEAK = YES;
				CLANG_WARN_BLOCK_CAPTURE_AUTORELEASING = YES;
				CLANG_WARN_BOOL_CONVERSION = YES;
				CLANG_WARN_COMMA = YES;
				CLANG_WARN_CONSTANT_CONVERSION = YES;
				CLANG_WARN_DEPRECATED_OBJC_IMPLEMENTATIONS = YES;
				CLANG_WARN_DIRECT_OBJC_ISA_USAGE = YES_ERROR;
				CLANG_WARN_DOCUMENTATION_COMMENTS = YES;
				CLANG_WARN_EMPTY_BODY = YES;
				CLANG_WARN_ENUM_CONVERSION = YES;
				CLANG_WARN_INFINITE_RECURSION = YES;
				CLANG_WARN_INT_CONVERSION = YES;
				CLANG_WARN_NON_LITERAL_NULL_CONVERSION = YES;
				CLANG_WARN_OBJC_IMPLICIT_RETAIN_SELF = YES;
				CLANG_WARN_OBJC_LITERAL_CONVERSION = YES;
				CLANG_WARN_OBJC_ROOT_CLASS = YES_ERROR;
				CLANG_WARN_RANGE_LOOP_ANALYSIS = YES;
				CLANG_WARN_STRICT_PROTOTYPES = YES;
				CLANG_WARN_SUSPICIOUS_MOVE = YES;
				CLANG_WARN_UNGUARDED_AVAILABILITY = YES_AGGRESSIVE;
				CLANG_WARN_UNREACHABLE_CODE = YES;
				CLANG_WARN__DUPLICATE_METHOD_MATCH = YES;
				COPY_PHASE_STRIP = NO;
				DEBUG_INFORMATION_FORMAT = dwarf;
				ENABLE_STRICT_OBJC_MSGSEND = YES;
				ENABLE_TESTABILITY = YES;
				GCC_C_LANGUAGE_STANDARD = gnu11;
				GCC_DYNAMIC_NO_PIC = NO;
				GCC_NO_COMMON_BLOCKS = YES;
				GCC_OPTIMIZATION_LEVEL = 0;
				GCC_PREPROCESSOR_DEFINITIONS = (
					"DEBUG=1",
					"$(inherited)",
				);
				GCC_WARN_64_TO_32_BIT_CONVERSION = YES;
				GCC_WARN_ABOUT_RETURN_TYPE = YES_ERROR;
				GCC_WARN_UNDECLARED_SELECTOR = YES;
				GCC_WARN_UNINITIALIZED_AUTOS = YES_AGGRESSIVE;
				GCC_WARN_UNUSED_FUNCTION = YES;
				GCC_WARN_UNUSED_VARIABLE = YES;
				IPHONEOS_DEPLOYMENT_TARGET = 13.2;
				MTL_ENABLE_DEBUG_INFO = INCLUDE_SOURCE;
				MTL_FAST_MATH = YES;
				ONLY_ACTIVE_ARCH = YES;
				SDKROOT = iphoneos;
				SWIFT_ACTIVE_COMPILATION_CONDITIONS = DEBUG;
				SWIFT_OPTIMIZATION_LEVEL = "-Onone";
			};
			name = Debug;
		};
		F8B5CD9623CF606800B99481 /* Release */ = {
			isa = XCBuildConfiguration;
			buildSettings = {
				ALWAYS_SEARCH_USER_PATHS = NO;
				CLANG_ANALYZER_NONNULL = YES;
				CLANG_ANALYZER_NUMBER_OBJECT_CONVERSION = YES_AGGRESSIVE;
				CLANG_CXX_LANGUAGE_STANDARD = "gnu++14";
				CLANG_CXX_LIBRARY = "libc++";
				CLANG_ENABLE_MODULES = YES;
				CLANG_ENABLE_OBJC_ARC = YES;
				CLANG_ENABLE_OBJC_WEAK = YES;
				CLANG_WARN_BLOCK_CAPTURE_AUTORELEASING = YES;
				CLANG_WARN_BOOL_CONVERSION = YES;
				CLANG_WARN_COMMA = YES;
				CLANG_WARN_CONSTANT_CONVERSION = YES;
				CLANG_WARN_DEPRECATED_OBJC_IMPLEMENTATIONS = YES;
				CLANG_WARN_DIRECT_OBJC_ISA_USAGE = YES_ERROR;
				CLANG_WARN_DOCUMENTATION_COMMENTS = YES;
				CLANG_WARN_EMPTY_BODY = YES;
				CLANG_WARN_ENUM_CONVERSION = YES;
				CLANG_WARN_INFINITE_RECURSION = YES;
				CLANG_WARN_INT_CONVERSION = YES;
				CLANG_WARN_NON_LITERAL_NULL_CONVERSION = YES;
				CLANG_WARN_OBJC_IMPLICIT_RETAIN_SELF = YES;
				CLANG_WARN_OBJC_LITERAL_CONVERSION = YES;
				CLANG_WARN_OBJC_ROOT_CLASS = YES_ERROR;
				CLANG_WARN_RANGE_LOOP_ANALYSIS = YES;
				CLANG_WARN_STRICT_PROTOTYPES = YES;
				CLANG_WARN_SUSPICIOUS_MOVE = YES;
				CLANG_WARN_UNGUARDED_AVAILABILITY = YES_AGGRESSIVE;
				CLANG_WARN_UNREACHABLE_CODE = YES;
				CLANG_WARN__DUPLICATE_METHOD_MATCH = YES;
				COPY_PHASE_STRIP = NO;
				DEBUG_INFORMATION_FORMAT = "dwarf-with-dsym";
				ENABLE_NS_ASSERTIONS = NO;
				ENABLE_STRICT_OBJC_MSGSEND = YES;
				GCC_C_LANGUAGE_STANDARD = gnu11;
				GCC_NO_COMMON_BLOCKS = YES;
				GCC_WARN_64_TO_32_BIT_CONVERSION = YES;
				GCC_WARN_ABOUT_RETURN_TYPE = YES_ERROR;
				GCC_WARN_UNDECLARED_SELECTOR = YES;
				GCC_WARN_UNINITIALIZED_AUTOS = YES_AGGRESSIVE;
				GCC_WARN_UNUSED_FUNCTION = YES;
				GCC_WARN_UNUSED_VARIABLE = YES;
				IPHONEOS_DEPLOYMENT_TARGET = 13.2;
				MTL_ENABLE_DEBUG_INFO = NO;
				MTL_FAST_MATH = YES;
				SDKROOT = iphoneos;
				SWIFT_COMPILATION_MODE = wholemodule;
				SWIFT_OPTIMIZATION_LEVEL = "-O";
				VALIDATE_PRODUCT = YES;
			};
			name = Release;
		};
		F8B5CD9823CF606800B99481 /* Debug */ = {
			isa = XCBuildConfiguration;
			buildSettings = {
				ASSETCATALOG_COMPILER_APPICON_NAME = AppIcon;
				CODE_SIGN_STYLE = Automatic;
				DEVELOPMENT_TEAM = Z8HWHC6CY7;
				INFOPLIST_FILE = Expressions/Misc/Info.plist;
				LD_RUNPATH_SEARCH_PATHS = (
					"$(inherited)",
					"@executable_path/Frameworks",
				);
				PRODUCT_BUNDLE_IDENTIFIER = qaz.qaz.Expressions;
				PRODUCT_NAME = "$(TARGET_NAME)";
				SWIFT_VERSION = 5.0;
				TARGETED_DEVICE_FAMILY = "1,2";
			};
			name = Debug;
		};
		F8B5CD9923CF606800B99481 /* Release */ = {
			isa = XCBuildConfiguration;
			buildSettings = {
				ASSETCATALOG_COMPILER_APPICON_NAME = AppIcon;
				CODE_SIGN_STYLE = Automatic;
				DEVELOPMENT_TEAM = Z8HWHC6CY7;
				INFOPLIST_FILE = Expressions/Misc/Info.plist;
				LD_RUNPATH_SEARCH_PATHS = (
					"$(inherited)",
					"@executable_path/Frameworks",
				);
				PRODUCT_BUNDLE_IDENTIFIER = qaz.qaz.Expressions;
				PRODUCT_NAME = "$(TARGET_NAME)";
				SWIFT_VERSION = 5.0;
				TARGETED_DEVICE_FAMILY = "1,2";
			};
			name = Release;
		};
/* End XCBuildConfiguration section */

/* Begin XCConfigurationList section */
		F8B5CD7E23CF606500B99481 /* Build configuration list for PBXProject "Expressions" */ = {
			isa = XCConfigurationList;
			buildConfigurations = (
				F8B5CD9523CF606800B99481 /* Debug */,
				F8B5CD9623CF606800B99481 /* Release */,
			);
			defaultConfigurationIsVisible = 0;
			defaultConfigurationName = Release;
		};
		F8B5CD9723CF606800B99481 /* Build configuration list for PBXNativeTarget "Expressions" */ = {
			isa = XCConfigurationList;
			buildConfigurations = (
				F8B5CD9823CF606800B99481 /* Debug */,
				F8B5CD9923CF606800B99481 /* Release */,
			);
			defaultConfigurationIsVisible = 0;
			defaultConfigurationName = Release;
		};
/* End XCConfigurationList section */
	};
	rootObject = F8B5CD7B23CF606500B99481 /* Project object */;
}
